
Microsoft Visual Studio Solution File, Format Version 12.00
# Visual Studio Version 17
VisualStudioVersion = 17.10.35013.160
MinimumVisualStudioVersion = 10.0.40219.1
Project("{FAE04EC0-301F-11D3-BF4B-00C04F79EFBC}") = "101Problems", "101Problems.csproj", "{5826DDE5-6C3D-448E-B1CF-53F64EA795E8}"
EndProject
Project("{FAE04EC0-301F-11D3-BF4B-00C04F79EFBC}") = "101ProblemsUnitTests", "..\101ProblemsUnitTests\101ProblemsUnitTests.csproj", "{133E8B31-14E3-4CEF-A69E-E5A80C7FE54A}"
EndProject
Global
	GlobalSection(SolutionConfigurationPlatforms) = preSolution
		Debug|Any CPU = Debug|Any CPU
		Release|Any CPU = Release|Any CPU
	EndGlobalSection
	GlobalSection(ProjectConfigurationPlatforms) = postSolution
		{5826DDE5-6C3D-448E-B1CF-53F64EA795E8}.Debug|Any CPU.ActiveCfg = Debug|Any CPU
		{5826DDE5-6C3D-448E-B1CF-53F64EA795E8}.Debug|Any CPU.Build.0 = Debug|Any CPU
		{5826DDE5-6C3D-448E-B1CF-53F64EA795E8}.Release|Any CPU.ActiveCfg = Release|Any CPU
		{5826DDE5-6C3D-448E-B1CF-53F64EA795E8}.Release|Any CPU.Build.0 = Release|Any CPU
		{133E8B31-14E3-4CEF-A69E-E5A80C7FE54A}.Debug|Any CPU.ActiveCfg = Debug|Any CPU
		{133E8B31-14E3-4CEF-A69E-E5A80C7FE54A}.Debug|Any CPU.Build.0 = Debug|Any CPU
		{133E8B31-14E3-4CEF-A69E-E5A80C7FE54A}.Release|Any CPU.ActiveCfg = Release|Any CPU
		{133E8B31-14E3-4CEF-A69E-E5A80C7FE54A}.Release|Any CPU.Build.0 = Release|Any CPU
	EndGlobalSection
	GlobalSection(SolutionProperties) = preSolution
		HideSolutionNode = FALSE
	EndGlobalSection
	GlobalSection(ExtensibilityGlobals) = postSolution
		SolutionGuid = {070E8227-8FF5-4E12-8A63-EBE36C346C4D}
	EndGlobalSection
EndGlobal
